<?xml version="1.0" encoding="utf-8"?>
<Project ToolsVersion="4.0" xmlns="http://schemas.microsoft.com/developer/msbuild/2003">
  <ItemGroup>
    <ClInclude Include="..\src\bits.h">
      <Filter>src</Filter>
    </ClInclude>
    <ClInclude Include="..\src\defs.h">
      <Filter>src</Filter>
    </ClInclude>
    <ClInclude Include="..\src\engine.h">
      <Filter>src</Filter>
    </ClInclude>
    <ClInclude Include="..\src\eval.h">
      <Filter>src</Filter>
    </ClInclude>
    <ClInclude Include="..\src\fen.h">
      <Filter>src</Filter>
    </ClInclude>
    <ClInclude Include="..\src\movelist.h">
      <Filter>src</Filter>
    </ClInclude>
    <ClInclude Include="..\src\perft.h">
      <Filter>src</Filter>
    </ClInclude>
    <ClInclude Include="..\src\platform.h">
      <Filter>src</Filter>
    </ClInclude>
    <ClInclude Include="..\src\position.h">
      <Filter>src</Filter>
    </ClInclude>
    <ClInclude Include="..\src\search.h">
      <Filter>src</Filter>
    </ClInclude>
    <ClInclude Include="..\src\simd.h">
      <Filter>src</Filter>
    </ClInclude>
    <ClInclude Include="..\src\table.h">
      <Filter>src</Filter>
    </ClInclude>
    <ClInclude Include="..\src\terms.inc">
      <Filter>src</Filter>
    </ClInclude>
    <ClInclude Include="..\src\timer.h">
      <Filter>src</Filter>
    </ClInclude>
    <ClInclude Include="..\src\token.h">
      <Filter>src</Filter>
    </ClInclude>
    <ClInclude Include="..\src\uci.h">
      <Filter>src</Filter>
    </ClInclude>
    <ClInclude Include="..\src\book.h">
      <Filter>src</Filter>
    </ClInclude>
    <ClInclude Include="..\src\negamax.h">
      <Filter>src</Filter>
    </ClInclude>
    <ClInclude Include="..\src\amoeba.h">
      <Filter>src</Filter>
    </ClInclude>
    <ClInclude Include="..\src\tune.h">
      <Filter>src</Filter>
    </ClInclude>
    <ClInclude Include="..\src\material.h">
      <Filter>src</Filter>
    </ClInclude>
  </ItemGroup>
  <ItemGroup>
    <Filter Include="src">
      <UniqueIdentifier>{84b5406c-80d7-485e-ad6a-a16b527c1edf}</UniqueIdentifier>
    </Filter>
    <Filter Include="script">
      <UniqueIdentifier>{7eb613ee-d16b-48f0-b3f4-b6346b72b675}</UniqueIdentifier>
    </Filter>
    <Filter Include="misc">
      <UniqueIdentifier>{ef7f082c-1e53-4fe5-b15b-288779098f58}</UniqueIdentifier>
    </Filter>
  </ItemGroup>
  <ItemGroup>
    <ClCompile Include="..\src\pigeon.cpp">
      <Filter>src</Filter>
    </ClCompile>
  </ItemGroup>
  <ItemGroup>
    <None Include="..\script\testing.coo">
      <Filter>script</Filter>
    </None>
    <None Include="..\script\tuning.coo">
      <Filter>script</Filter>
    </None>
    <None Include="..\.gitignore">
      <Filter>misc</Filter>
    </None>
    <None Include="..\README.md">
      <Filter>misc</Filter>
    </None>
    <None Include="build_gcc.sh">
      <Filter>misc</Filter>
    </None>
    <None Include="build_msvc.bat">
      <Filter>misc</Filter>
    </None>
    <None Include="doxygen\Doxyfile">
      <Filter>misc</Filter>
    </None>
  </ItemGroup>
  <ItemGroup>
    <Text Include="..\CMakeLists.txt">
      <Filter>misc</Filter>
    </Text>
    <Text Include="..\LICENSE.txt">
      <Filter>misc</Filter>
    </Text>
    <Text Include="build-readme.txt">
      <Filter>misc</Filter>
    </Text>
    <Text Include="scratch.txt">
      <Filter>misc</Filter>
    </Text>
  </ItemGroup>
</Project>